
Microsoft Visual Studio Solution File, Format Version 12.00
# Visual Studio Version 17
VisualStudioVersion = 17.8.34330.188
MinimumVisualStudioVersion = 10.0.40219.1
Project("{FAE04EC0-301F-11D3-BF4B-00C04F79EFBC}") = "ProjectOne.API", "ProjectOne.API\ProjectOne.API.csproj", "{AE65C96C-6A70-40D3-9231-6869E12AFEB5}"
EndProject
Global
	GlobalSection(SolutionConfigurationPlatforms) = preSolution
		Debug|Any CPU = Debug|Any CPU
		Release|Any CPU = Release|Any CPU
	EndGlobalSection
	GlobalSection(ProjectConfigurationPlatforms) = postSolution
		{AE65C96C-6A70-40D3-9231-6869E12AFEB5}.Debug|Any CPU.ActiveCfg = Debug|Any CPU
		{AE65C96C-6A70-40D3-9231-6869E12AFEB5}.Debug|Any CPU.Build.0 = Debug|Any CPU
		{AE65C96C-6A70-40D3-9231-6869E12AFEB5}.Release|Any CPU.ActiveCfg = Release|Any CPU
		{AE65C96C-6A70-40D3-9231-6869E12AFEB5}.Release|Any CPU.Build.0 = Release|Any CPU
	EndGlobalSection
	GlobalSection(SolutionProperties) = preSolution
		HideSolutionNode = FALSE
	EndGlobalSection
	GlobalSection(ExtensibilityGlobals) = postSolution
		SolutionGuid = {FB56A4CE-D1DC-45B1-B960-4050B9A9F6F1}
	EndGlobalSection
EndGlobal
